github.com/go-faker/faker/v4 v4.6.1 h1:xUyVpAjEtB04l6XFY0V/29oR332rOSPWV4lU8RwDt4k=
github.com/go-faker/faker/v4 v4.6.1/go.mod h1:arSdxNCSt7mOhdk8tEolvHeIJ7eX4OX80wXjKKvkKBY=
golang.org/x/text v0.28.0 h1:rhazDwis8INMIwQ4tpjLDzUhx6RlXqZNPEM0huQojng=
golang.org/x/text v0.28.0/go.mod h1:U8nCwOR8jO/marOQ0QbDiOngZVEBB7MAiitBuMjXiNU=
